// !$*UTF8*$!
{
	archiveVersion = 1;
	classes = {
	};
	objectVersion = 48;
	objects = {

/* Begin PBXBuildFile section */
		5310927E234C3A7B00AA48AB /* AppDelegate.m in Sources */ = {isa = PBXBuildFile; fileRef = 5310927D234C3A7B00AA48AB /* AppDelegate.m */; };
		53109281234C3A7B00AA48AB /* ViewController.m in Sources */ = {isa = PBXBuildFile; fileRef = 53109280234C3A7B00AA48AB /* ViewController.m */; };
		53109284234C3A7B00AA48AB /* Main.storyboard in Resources */ = {isa = PBXBuildFile; fileRef = 53109282234C3A7B00AA48AB /* Main.storyboard */; };
		53109286234C3A7B00AA48AB /* Assets.xcassets in Resources */ = {isa = PBXBuildFile; fileRef = 53109285234C3A7B00AA48AB /* Assets.xcassets */; };
		53109289234C3A7B00AA48AB /* LaunchScreen.storyboard in Resources */ = {isa = PBXBuildFile; fileRef = 53109287234C3A7B00AA48AB /* LaunchScreen.storyboard */; };
		5310928C234C3A7B00AA48AB /* main.m in Sources */ = {isa = PBXBuildFile; fileRef = 5310928B234C3A7B00AA48AB /* main.m */; };
		53109296234C3A7B00AA48AB /* raptorsTicketsTests.m in Sources */ = {isa = PBXBuildFile; fileRef = 53109295234C3A7B00AA48AB /* raptorsTicketsTests.m */; };
		531092A1234C3A7B00AA48AB /* raptorsTicketsUITests.m in Sources */ = {isa = PBXBuildFile; fileRef = 531092A0234C3A7B00AA48AB /* raptorsTicketsUITests.m */; };
		531092B0234F917000AA48AB /* Ticket.m in Sources */ = {isa = PBXBuildFile; fileRef = 531092AF234F917000AA48AB /* Ticket.m */; };
		531092B3234F939400AA48AB /* TicketBase.m in Sources */ = {isa = PBXBuildFile; fileRef = 531092B2234F939400AA48AB /* TicketBase.m */; };
		5372ADD3235561D5007F773C /* ManagerNavigationViewController.m in Sources */ = {isa = PBXBuildFile; fileRef = 5372ADD2235561D5007F773C /* ManagerNavigationViewController.m */; };
		5372ADD62358B846007F773C /* TicketModificationViewController.m in Sources */ = {isa = PBXBuildFile; fileRef = 5372ADD52358B846007F773C /* TicketModificationViewController.m */; };
		5372ADD923590AC3007F773C /* Purchase.m in Sources */ = {isa = PBXBuildFile; fileRef = 5372ADD823590AC3007F773C /* Purchase.m */; };
/* End PBXBuildFile section */

/* Begin PBXContainerItemProxy section */
		53109292234C3A7B00AA48AB /* PBXContainerItemProxy */ = {
			isa = PBXContainerItemProxy;
			containerPortal = 53109271234C3A7B00AA48AB /* Project object */;
			proxyType = 1;
			remoteGlobalIDString = 53109278234C3A7B00AA48AB;
			remoteInfo = raptorsTickets;
		};
		5310929D234C3A7B00AA48AB /* PBXContainerItemProxy */ = {
			isa = PBXContainerItemProxy;
			containerPortal = 53109271234C3A7B00AA48AB /* Project object */;
			proxyType = 1;
			remoteGlobalIDString = 53109278234C3A7B00AA48AB;
			remoteInfo = raptorsTickets;
		};
/* End PBXContainerItemProxy section */

/* Begin PBXFileReference section */
		53109279234C3A7B00AA48AB /* raptorsTickets.app */ = {isa = PBXFileReference; explicitFileType = wrapper.application; includeInIndex = 0; path = raptorsTickets.app; sourceTree = BUILT_PRODUCTS_DIR; };
		5310927C234C3A7B00AA48AB /* AppDelegate.h */ = {isa = PBXFileReference; lastKnownFileType = sourcecode.c.h; path = AppDelegate.h; sourceTree = "<group>"; };
		5310927D234C3A7B00AA48AB /* AppDelegate.m */ = {isa = PBXFileReference; lastKnownFileType = sourcecode.c.objc; path = AppDelegate.m; sourceTree = "<group>"; };
		5310927F234C3A7B00AA48AB /* ViewController.h */ = {isa = PBXFileReference; lastKnownFileType = sourcecode.c.h; path = ViewController.h; sourceTree = "<group>"; };
		53109280234C3A7B00AA48AB /* ViewController.m */ = {isa = PBXFileReference; lastKnownFileType = sourcecode.c.objc; path = ViewController.m; sourceTree = "<group>"; };
		53109283234C3A7B00AA48AB /* Base */ = {isa = PBXFileReference; lastKnownFileType = file.storyboard; name = Base; path = Base.lproj/Main.storyboard; sourceTree = "<group>"; };
		53109285234C3A7B00AA48AB /* Assets.xcassets */ = {isa = PBXFileReference; lastKnownFileType = folder.assetcatalog; path = Assets.xcassets; sourceTree = "<group>"; };
		53109288234C3A7B00AA48AB /* Base */ = {isa = PBXFileReference; lastKnownFileType = file.storyboard; name = Base; path = Base.lproj/LaunchScreen.storyboard; sourceTree = "<group>"; };
		5310928A234C3A7B00AA48AB /* Info.plist */ = {isa = PBXFileReference; lastKnownFileType = text.plist.xml; path = Info.plist; sourceTree = "<group>"; };
		5310928B234C3A7B00AA48AB /* main.m */ = {isa = PBXFileReference; lastKnownFileType = sourcecode.c.objc; path = main.m; sourceTree = "<group>"; };
		53109291234C3A7B00AA48AB /* raptorsTicketsTests.xctest */ = {isa = PBXFileReference; explicitFileType = wrapper.cfbundle; includeInIndex = 0; path = raptorsTicketsTests.xctest; sourceTree = BUILT_PRODUCTS_DIR; };
		53109295234C3A7B00AA48AB /* raptorsTicketsTests.m */ = {isa = PBXFileReference; lastKnownFileType = sourcecode.c.objc; path = raptorsTicketsTests.m; sourceTree = "<group>"; };
		53109297234C3A7B00AA48AB /* Info.plist */ = {isa = PBXFileReference; lastKnownFileType = text.plist.xml; path = Info.plist; sourceTree = "<group>"; };
		5310929C234C3A7B00AA48AB /* raptorsTicketsUITests.xctest */ = {isa = PBXFileReference; explicitFileType = wrapper.cfbundle; includeInIndex = 0; path = raptorsTicketsUITests.xctest; sourceTree = BUILT_PRODUCTS_DIR; };
		531092A0234C3A7B00AA48AB /* raptorsTicketsUITests.m */ = {isa = PBXFileReference; lastKnownFileType = sourcecode.c.objc; path = raptorsTicketsUITests.m; sourceTree = "<group>"; };
		531092A2234C3A7B00AA48AB /* Info.plist */ = {isa = PBXFileReference; lastKnownFileType = text.plist.xml; path = Info.plist; sourceTree = "<group>"; };
		531092AE234F917000AA48AB /* Ticket.h */ = {isa = PBXFileReference; lastKnownFileType = sourcecode.c.h; path = Ticket.h; sourceTree = "<group>"; };
		531092AF234F917000AA48AB /* Ticket.m */ = {isa = PBXFileReference; lastKnownFileType = sourcecode.c.objc; path = Ticket.m; sourceTree = "<group>"; };
		531092B1234F939400AA48AB /* TicketBase.h */ = {isa = PBXFileReference; lastKnownFileType = sourcecode.c.h; path = TicketBase.h; sourceTree = "<group>"; };
		531092B2234F939400AA48AB /* TicketBase.m */ = {isa = PBXFileReference; lastKnownFileType = sourcecode.c.objc; path = TicketBase.m; sourceTree = "<group>"; };
		5372ADD1235561D5007F773C /* ManagerNavigationViewController.h */ = {isa = PBXFileReference; lastKnownFileType = sourcecode.c.h; path = ManagerNavigationViewController.h; sourceTree = "<group>"; };
		5372ADD2235561D5007F773C /* ManagerNavigationViewController.m */ = {isa = PBXFileReference; lastKnownFileType = sourcecode.c.objc; path = ManagerNavigationViewController.m; sourceTree = "<group>"; };
		5372ADD42358B846007F773C /* TicketModificationViewController.h */ = {isa = PBXFileReference; lastKnownFileType = sourcecode.c.h; path = TicketModificationViewController.h; sourceTree = "<group>"; };
		5372ADD52358B846007F773C /* TicketModificationViewController.m */ = {isa = PBXFileReference; lastKnownFileType = sourcecode.c.objc; path = TicketModificationViewController.m; sourceTree = "<group>"; };
		5372ADD723590AC3007F773C /* Purchase.h */ = {isa = PBXFileReference; lastKnownFileType = sourcecode.c.h; path = Purchase.h; sourceTree = "<group>"; };
		5372ADD823590AC3007F773C /* Purchase.m */ = {isa = PBXFileReference; lastKnownFileType = sourcecode.c.objc; path = Purchase.m; sourceTree = "<group>"; };
/* End PBXFileReference section */

/* Begin PBXFrameworksBuildPhase section */
		53109276234C3A7B00AA48AB /* Frameworks */ = {
			isa = PBXFrameworksBuildPhase;
			buildActionMask = 2147483647;
			files = (
			);
			runOnlyForDeploymentPostprocessing = 0;
		};
		5310928E234C3A7B00AA48AB /* Frameworks */ = {
			isa = PBXFrameworksBuildPhase;
			buildActionMask = 2147483647;
			files = (
			);
			runOnlyForDeploymentPostprocessing = 0;
		};
		53109299234C3A7B00AA48AB /* Frameworks */ = {
			isa = PBXFrameworksBuildPhase;
			buildActionMask = 2147483647;
			files = (
			);
			runOnlyForDeploymentPostprocessing = 0;
		};
/* End PBXFrameworksBuildPhase section */

/* Begin PBXGroup section */
		53109270234C3A7B00AA48AB = {
			isa = PBXGroup;
			children = (
				5310927B234C3A7B00AA48AB /* raptorsTickets */,
				53109294234C3A7B00AA48AB /* raptorsTicketsTests */,
				5310929F234C3A7B00AA48AB /* raptorsTicketsUITests */,
				5310927A234C3A7B00AA48AB /* Products */,
			);
			sourceTree = "<group>";
		};
		5310927A234C3A7B00AA48AB /* Products */ = {
			isa = PBXGroup;
			children = (
				53109279234C3A7B00AA48AB /* raptorsTickets.app */,
				53109291234C3A7B00AA48AB /* raptorsTicketsTests.xctest */,
				5310929C234C3A7B00AA48AB /* raptorsTicketsUITests.xctest */,
			);
			name = Products;
			sourceTree = "<group>";
		};
		5310927B234C3A7B00AA48AB /* raptorsTickets */ = {
			isa = PBXGroup;
			children = (
				5310927C234C3A7B00AA48AB /* AppDelegate.h */,
				5310927D234C3A7B00AA48AB /* AppDelegate.m */,
				5310927F234C3A7B00AA48AB /* ViewController.h */,
				53109280234C3A7B00AA48AB /* ViewController.m */,
				53109282234C3A7B00AA48AB /* Main.storyboard */,
				53109285234C3A7B00AA48AB /* Assets.xcassets */,
				53109287234C3A7B00AA48AB /* LaunchScreen.storyboard */,
				5310928A234C3A7B00AA48AB /* Info.plist */,
				5310928B234C3A7B00AA48AB /* main.m */,
				531092AE234F917000AA48AB /* Ticket.h */,
				531092AF234F917000AA48AB /* Ticket.m */,
				531092B1234F939400AA48AB /* TicketBase.h */,
				531092B2234F939400AA48AB /* TicketBase.m */,
				5372ADD1235561D5007F773C /* ManagerNavigationViewController.h */,
				5372ADD2235561D5007F773C /* ManagerNavigationViewController.m */,
				5372ADD42358B846007F773C /* TicketModificationViewController.h */,
				5372ADD52358B846007F773C /* TicketModificationViewController.m */,
				5372ADD723590AC3007F773C /* Purchase.h */,
				5372ADD823590AC3007F773C /* Purchase.m */,
			);
			path = raptorsTickets;
			sourceTree = "<group>";
		};
		53109294234C3A7B00AA48AB /* raptorsTicketsTests */ = {
			isa = PBXGroup;
			children = (
				53109295234C3A7B00AA48AB /* raptorsTicketsTests.m */,
				53109297234C3A7B00AA48AB /* Info.plist */,
			);
			path = raptorsTicketsTests;
			sourceTree = "<group>";
		};
		5310929F234C3A7B00AA48AB /* raptorsTicketsUITests */ = {
			isa = PBXGroup;
			children = (
				531092A0234C3A7B00AA48AB /* raptorsTicketsUITests.m */,
				531092A2234C3A7B00AA48AB /* Info.plist */,
			);
			path = raptorsTicketsUITests;
			sourceTree = "<group>";
		};
/* End PBXGroup section */

/* Begin PBXNativeTarget section */
		53109278234C3A7B00AA48AB /* raptorsTickets */ = {
			isa = PBXNativeTarget;
			buildConfigurationList = 531092A5234C3A7B00AA48AB /* Build configuration list for PBXNativeTarget "raptorsTickets" */;
			buildPhases = (
				53109275234C3A7B00AA48AB /* Sources */,
				53109276234C3A7B00AA48AB /* Frameworks */,
				53109277234C3A7B00AA48AB /* Resources */,
			);
			buildRules = (
			);
			dependencies = (
			);
			name = raptorsTickets;
			productName = raptorsTickets;
			productReference = 53109279234C3A7B00AA48AB /* raptorsTickets.app */;
			productType = "com.apple.product-type.application";
		};
		53109290234C3A7B00AA48AB /* raptorsTicketsTests */ = {
			isa = PBXNativeTarget;
			buildConfigurationList = 531092A8234C3A7B00AA48AB /* Build configuration list for PBXNativeTarget "raptorsTicketsTests" */;
			buildPhases = (
				5310928D234C3A7B00AA48AB /* Sources */,
				5310928E234C3A7B00AA48AB /* Frameworks */,
				5310928F234C3A7B00AA48AB /* Resources */,
			);
			buildRules = (
			);
			dependencies = (
				53109293234C3A7B00AA48AB /* PBXTargetDependency */,
			);
			name = raptorsTicketsTests;
			productName = raptorsTicketsTests;
			productReference = 53109291234C3A7B00AA48AB /* raptorsTicketsTests.xctest */;
			productType = "com.apple.product-type.bundle.unit-test";
		};
		5310929B234C3A7B00AA48AB /* raptorsTicketsUITests */ = {
			isa = PBXNativeTarget;
			buildConfigurationList = 531092AB234C3A7B00AA48AB /* Build configuration list for PBXNativeTarget "raptorsTicketsUITests" */;
			buildPhases = (
				53109298234C3A7B00AA48AB /* Sources */,
				53109299234C3A7B00AA48AB /* Frameworks */,
				5310929A234C3A7B00AA48AB /* Resources */,
			);
			buildRules = (
			);
			dependencies = (
				5310929E234C3A7B00AA48AB /* PBXTargetDependency */,
			);
			name = raptorsTicketsUITests;
			productName = raptorsTicketsUITests;
			productReference = 5310929C234C3A7B00AA48AB /* raptorsTicketsUITests.xctest */;
			productType = "com.apple.product-type.bundle.ui-testing";
		};
/* End PBXNativeTarget section */

/* Begin PBXProject section */
		53109271234C3A7B00AA48AB /* Project object */ = {
			isa = PBXProject;
			attributes = {
				LastUpgradeCheck = 0920;
				ORGANIZATIONNAME = "Emil Iakoupov";
				TargetAttributes = {
					53109278234C3A7B00AA48AB = {
						CreatedOnToolsVersion = 9.2;
						ProvisioningStyle = Automatic;
					};
					53109290234C3A7B00AA48AB = {
						CreatedOnToolsVersion = 9.2;
						ProvisioningStyle = Automatic;
						TestTargetID = 53109278234C3A7B00AA48AB;
					};
					5310929B234C3A7B00AA48AB = {
						CreatedOnToolsVersion = 9.2;
						ProvisioningStyle = Automatic;
						TestTargetID = 53109278234C3A7B00AA48AB;
					};
				};
			};
			buildConfigurationList = 53109274234C3A7B00AA48AB /* Build configuration list for PBXProject "raptorsTickets" */;
			compatibilityVersion = "Xcode 8.0";
			developmentRegion = en;
			hasScannedForEncodings = 0;
			knownRegions = (
				en,
				Base,
			);
			mainGroup = 53109270234C3A7B00AA48AB;
			productRefGroup = 5310927A234C3A7B00AA48AB /* Products */;
			projectDirPath = "";
			projectRoot = "";
			targets = (
				53109278234C3A7B00AA48AB /* raptorsTickets */,
				53109290234C3A7B00AA48AB /* raptorsTicketsTests */,
				5310929B234C3A7B00AA48AB /* raptorsTicketsUITests */,
			);
		};
/* End PBXProject section */

/* Begin PBXResourcesBuildPhase section */
		53109277234C3A7B00AA48AB /* Resources */ = {
			isa = PBXResourcesBuildPhase;
			buildActionMask = 2147483647;
			files = (
				53109289234C3A7B00AA48AB /* LaunchScreen.storyboard in Resources */,
				53109286234C3A7B00AA48AB /* Assets.xcassets in Resources */,
				53109284234C3A7B00AA48AB /* Main.storyboard in Resources */,
			);
			runOnlyForDeploymentPostprocessing = 0;
		};
		5310928F234C3A7B00AA48AB /* Resources */ = {
			isa = PBXResourcesBuildPhase;
			buildActionMask = 2147483647;
			files = (
			);
			runOnlyForDeploymentPostprocessing = 0;
		};
		5310929A234C3A7B00AA48AB /* Resources */ = {
			isa = PBXResourcesBuildPhase;
			buildActionMask = 2147483647;
			files = (
			);
			runOnlyForDeploymentPostprocessing = 0;
		};
/* End PBXResourcesBuildPhase section */

/* Begin PBXSourcesBuildPhase section */
		53109275234C3A7B00AA48AB /* Sources */ = {
			isa = PBXSourcesBuildPhase;
			buildActionMask = 2147483647;
			files = (
				5372ADD923590AC3007F773C /* Purchase.m in Sources */,
				53109281234C3A7B00AA48AB /* ViewController.m in Sources */,
				5310928C234C3A7B00AA48AB /* main.m in Sources */,
				5372ADD3235561D5007F773C /* ManagerNavigationViewController.m in Sources */,
				5310927E234C3A7B00AA48AB /* AppDelegate.m in Sources */,
				5372ADD62358B846007F773C /* TicketModificationViewController.m in Sources */,
				531092B3234F939400AA48AB /* TicketBase.m in Sources */,
				531092B0234F917000AA48AB /* Ticket.m in Sources */,
			);
			runOnlyForDeploymentPostprocessing = 0;
		};
		5310928D234C3A7B00AA48AB /* Sources */ = {
			isa = PBXSourcesBuildPhase;
			buildActionMask = 2147483647;
			files = (
				53109296234C3A7B00AA48AB /* raptorsTicketsTests.m in Sources */,
			);
			runOnlyForDeploymentPostprocessing = 0;
		};
		53109298234C3A7B00AA48AB /* Sources */ = {
			isa = PBXSourcesBuildPhase;
			buildActionMask = 2147483647;
			files = (
				531092A1234C3A7B00AA48AB /* raptorsTicketsUITests.m in Sources */,
			);
			runOnlyForDeploymentPostprocessing = 0;
		};
/* End PBXSourcesBuildPhase section */

/* Begin PBXTargetDependency section */
		53109293234C3A7B00AA48AB /* PBXTargetDependency */ = {
			isa = PBXTargetDependency;
			target = 53109278234C3A7B00AA48AB /* raptorsTickets */;
			targetProxy = 53109292234C3A7B00AA48AB /* PBXContainerItemProxy */;
		};
		5310929E234C3A7B00AA48AB /* PBXTargetDependency */ = {
			isa = PBXTargetDependency;
			target = 53109278234C3A7B00AA48AB /* raptorsTickets */;
			targetProxy = 5310929D234C3A7B00AA48AB /* PBXContainerItemProxy */;
		};
/* End PBXTargetDependency section */

/* Begin PBXVariantGroup section */
		53109282234C3A7B00AA48AB /* Main.storyboard */ = {
			isa = PBXVariantGroup;
			children = (
				53109283234C3A7B00AA48AB /* Base */,
			);
			name = Main.storyboard;
			sourceTree = "<group>";
		};
		53109287234C3A7B00AA48AB /* LaunchScreen.storyboard */ = {
			isa = PBXVariantGroup;
			children = (
				53109288234C3A7B00AA48AB /* Base */,
			);
			name = LaunchScreen.storyboard;
			sourceTree = "<group>";
		};
/* End PBXVariantGroup section */

/* Begin XCBuildConfiguration section */
		531092A3234C3A7B00AA48AB /* Debug */ = {
			isa = XCBuildConfiguration;
			buildSettings = {
				ALWAYS_SEARCH_USER_PATHS = NO;
				CLANG_ANALYZER_NONNULL = YES;
				CLANG_ANALYZER_NUMBER_OBJECT_CONVERSION = YES_AGGRESSIVE;
				CLANG_CXX_LANGUAGE_STANDARD = "gnu++14";
				CLANG_CXX_LIBRARY = "libc++";
				CLANG_ENABLE_MODULES = YES;
				CLANG_ENABLE_OBJC_ARC = YES;
				CLANG_WARN_BLOCK_CAPTURE_AUTORELEASING = YES;
				CLANG_WARN_BOOL_CONVERSION = YES;
				CLANG_WARN_COMMA = YES;
				CLANG_WARN_CONSTANT_CONVERSION = YES;
				CLANG_WARN_DIRECT_OBJC_ISA_USAGE = YES_ERROR;
				CLANG_WARN_DOCUMENTATION_COMMENTS = YES;
				CLANG_WARN_EMPTY_BODY = YES;
				CLANG_WARN_ENUM_CONVERSION = YES;
				CLANG_WARN_INFINITE_RECURSION = YES;
				CLANG_WARN_INT_CONVERSION = YES;
				CLANG_WARN_NON_LITERAL_NULL_CONVERSION = YES;
				CLANG_WARN_OBJC_LITERAL_CONVERSION = YES;
				CLANG_WARN_OBJC_ROOT_CLASS = YES_ERROR;
				CLANG_WARN_RANGE_LOOP_ANALYSIS = YES;
				CLANG_WARN_STRICT_PROTOTYPES = YES;
				CLANG_WARN_SUSPICIOUS_MOVE = YES;
				CLANG_WARN_UNGUARDED_AVAILABILITY = YES_AGGRESSIVE;
				CLANG_WARN_UNREACHABLE_CODE = YES;
				CLANG_WARN__DUPLICATE_METHOD_MATCH = YES;
				CODE_SIGN_IDENTITY = "iPhone Developer";
				COPY_PHASE_STRIP = NO;
				DEBUG_INFORMATION_FORMAT = dwarf;
				ENABLE_STRICT_OBJC_MSGSEND = YES;
				ENABLE_TESTABILITY = YES;
				GCC_C_LANGUAGE_STANDARD = gnu11;
				GCC_DYNAMIC_NO_PIC = NO;
				GCC_NO_COMMON_BLOCKS = YES;
				GCC_OPTIMIZATION_LEVEL = 0;
				GCC_PREPROCESSOR_DEFINITIONS = (
					"DEBUG=1",
					"$(inherited)",
				);
				GCC_WARN_64_TO_32_BIT_CONVERSION = YES;
				GCC_WARN_ABOUT_RETURN_TYPE = YES_ERROR;
				GCC_WARN_UNDECLARED_SELECTOR = YES;
				GCC_WARN_UNINITIALIZED_AUTOS = YES_AGGRESSIVE;
				GCC_WARN_UNUSED_FUNCTION = YES;
				GCC_WARN_UNUSED_VARIABLE = YES;
				IPHONEOS_DEPLOYMENT_TARGET = 11.2;
				MTL_ENABLE_DEBUG_INFO = YES;
				ONLY_ACTIVE_ARCH = YES;
				SDKROOT = iphoneos;
			};
			name = Debug;
		};
		531092A4234C3A7B00AA48AB /* Release */ = {
			isa = XCBuildConfiguration;
			buildSettings = {
				ALWAYS_SEARCH_USER_PATHS = NO;
				CLANG_ANALYZER_NONNULL = YES;
				CLANG_ANALYZER_NUMBER_OBJECT_CONVERSION = YES_AGGRESSIVE;
				CLANG_CXX_LANGUAGE_STANDARD = "gnu++14";
				CLANG_CXX_LIBRARY = "libc++";
				CLANG_ENABLE_MODULES = YES;
				CLANG_ENABLE_OBJC_ARC = YES;
				CLANG_WARN_BLOCK_CAPTURE_AUTORELEASING = YES;
				CLANG_WARN_BOOL_CONVERSION = YES;
				CLANG_WARN_COMMA = YES;
				CLANG_WARN_CONSTANT_CONVERSION = YES;
				CLANG_WARN_DIRECT_OBJC_ISA_USAGE = YES_ERROR;
				CLANG_WARN_DOCUMENTATION_COMMENTS = YES;
				CLANG_WARN_EMPTY_BODY = YES;
				CLANG_WARN_ENUM_CONVERSION = YES;
				CLANG_WARN_INFINITE_RECURSION = YES;
				CLANG_WARN_INT_CONVERSION = YES;
				CLANG_WARN_NON_LITERAL_NULL_CONVERSION = YES;
				CLANG_WARN_OBJC_LITERAL_CONVERSION = YES;
				CLANG_WARN_OBJC_ROOT_CLASS = YES_ERROR;
				CLANG_WARN_RANGE_LOOP_ANALYSIS = YES;
				CLANG_WARN_STRICT_PROTOTYPES = YES;
				CLANG_WARN_SUSPICIOUS_MOVE = YES;
				CLANG_WARN_UNGUARDED_AVAILABILITY = YES_AGGRESSIVE;
				CLANG_WARN_UNREACHABLE_CODE = YES;
				CLANG_WARN__DUPLICATE_METHOD_MATCH = YES;
				CODE_SIGN_IDENTITY = "iPhone Developer";
				COPY_PHASE_STRIP = NO;
				DEBUG_INFORMATION_FORMAT = "dwarf-with-dsym";
				ENABLE_NS_ASSERTIONS = NO;
				ENABLE_STRICT_OBJC_MSGSEND = YES;
				GCC_C_LANGUAGE_STANDARD = gnu11;
				GCC_NO_COMMON_BLOCKS = YES;
				GCC_WARN_64_TO_32_BIT_CONVERSION = YES;
				GCC_WARN_ABOUT_RETURN_TYPE = YES_ERROR;
				GCC_WARN_UNDECLARED_SELECTOR = YES;
				GCC_WARN_UNINITIALIZED_AUTOS = YES_AGGRESSIVE;
				GCC_WARN_UNUSED_FUNCTION = YES;
				GCC_WARN_UNUSED_VARIABLE = YES;
				IPHONEOS_DEPLOYMENT_TARGET = 11.2;
				MTL_ENABLE_DEBUG_INFO = NO;
				SDKROOT = iphoneos;
				VALIDATE_PRODUCT = YES;
			};
			name = Release;
		};
		531092A6234C3A7B00AA48AB /* Debug */ = {
			isa = XCBuildConfiguration;
			buildSettings = {
				ASSETCATALOG_COMPILER_APPICON_NAME = AppIcon;
				CODE_SIGN_STYLE = Automatic;
				INFOPLIST_FILE = raptorsTickets/Info.plist;
				LD_RUNPATH_SEARCH_PATHS = "$(inherited) @executable_path/Frameworks";
				PRODUCT_BUNDLE_IDENTIFIER = ca.senecacollege.raptorsTickets;
				PRODUCT_NAME = "$(TARGET_NAME)";
				TARGETED_DEVICE_FAMILY = "1,2";
			};
			name = Debug;
		};
		531092A7234C3A7B00AA48AB /* Release */ = {
			isa = XCBuildConfiguration;
			buildSettings = {
				ASSETCATALOG_COMPILER_APPICON_NAME = AppIcon;
				CODE_SIGN_STYLE = Automatic;
				INFOPLIST_FILE = raptorsTickets/Info.plist;
				LD_RUNPATH_SEARCH_PATHS = "$(inherited) @executable_path/Frameworks";
				PRODUCT_BUNDLE_IDENTIFIER = ca.senecacollege.raptorsTickets;
				PRODUCT_NAME = "$(TARGET_NAME)";
				TARGETED_DEVICE_FAMILY = "1,2";
			};
			name = Release;
		};
		531092A9234C3A7B00AA48AB /* Debug */ = {
			isa = XCBuildConfiguration;
			buildSettings = {
				BUNDLE_LOADER = "$(TEST_HOST)";
				CODE_SIGN_STYLE = Automatic;
				INFOPLIST_FILE = raptorsTicketsTests/Info.plist;
				LD_RUNPATH_SEARCH_PATHS = "$(inherited) @executable_path/Frameworks @loader_path/Frameworks";
				PRODUCT_BUNDLE_IDENTIFIER = ca.senecacollege.raptorsTicketsTests;
				PRODUCT_NAME = "$(TARGET_NAME)";
				TARGETED_DEVICE_FAMILY = "1,2";
				TEST_HOST = "$(BUILT_PRODUCTS_DIR)/raptorsTickets.app/raptorsTickets";
			};
			name = Debug;
		};
		531092AA234C3A7B00AA48AB /* Release */ = {
			isa = XCBuildConfiguration;
			buildSettings = {
				BUNDLE_LOADER = "$(TEST_HOST)";
				CODE_SIGN_STYLE = Automatic;
				INFOPLIST_FILE = raptorsTicketsTests/Info.plist;
				LD_RUNPATH_SEARCH_PATHS = "$(inherited) @executable_path/Frameworks @loader_path/Frameworks";
				PRODUCT_BUNDLE_IDENTIFIER = ca.senecacollege.raptorsTicketsTests;
				PRODUCT_NAME = "$(TARGET_NAME)";
				TARGETED_DEVICE_FAMILY = "1,2";
				TEST_HOST = "$(BUILT_PRODUCTS_DIR)/raptorsTickets.app/raptorsTickets";
			};
			name = Release;
		};
		531092AC234C3A7B00AA48AB /* Debug */ = {
			isa = XCBuildConfiguration;
			buildSettings = {
				CODE_SIGN_STYLE = Automatic;
				INFOPLIST_FILE = raptorsTicketsUITests/Info.plist;
				LD_RUNPATH_SEARCH_PATHS = "$(inherited) @executable_path/Frameworks @loader_path/Frameworks";
				PRODUCT_BUNDLE_IDENTIFIER = ca.senecacollege.raptorsTicketsUITests;
				PRODUCT_NAME = "$(TARGET_NAME)";
				TARGETED_DEVICE_FAMILY = "1,2";
				TEST_TARGET_NAME = raptorsTickets;
			};
			name = Debug;
		};
		531092AD234C3A7B00AA48AB /* Release */ = {
			isa = XCBuildConfiguration;
			buildSettings = {
				CODE_SIGN_STYLE = Automatic;
				INFOPLIST_FILE = raptorsTicketsUITests/Info.plist;
				LD_RUNPATH_SEARCH_PATHS = "$(inherited) @executable_path/Frameworks @loader_path/Frameworks";
				PRODUCT_BUNDLE_IDENTIFIER = ca.senecacollege.raptorsTicketsUITests;
				PRODUCT_NAME = "$(TARGET_NAME)";
				TARGETED_DEVICE_FAMILY = "1,2";
				TEST_TARGET_NAME = raptorsTickets;
			};
			name = Release;
		};
/* End XCBuildConfiguration section */

/* Begin XCConfigurationList section */
		53109274234C3A7B00AA48AB /* Build configuration list for PBXProject "raptorsTickets" */ = {
			isa = XCConfigurationList;
			buildConfigurations = (
				531092A3234C3A7B00AA48AB /* Debug */,
				531092A4234C3A7B00AA48AB /* Release */,
			);
			defaultConfigurationIsVisible = 0;
			defaultConfigurationName = Release;
		};
		531092A5234C3A7B00AA48AB /* Build configuration list for PBXNativeTarget "raptorsTickets" */ = {
			isa = XCConfigurationList;
			buildConfigurations = (
				531092A6234C3A7B00AA48AB /* Debug */,
				531092A7234C3A7B00AA48AB /* Release */,
			);
			defaultConfigurationIsVisible = 0;
			defaultConfigurationName = Release;
		};
		531092A8234C3A7B00AA48AB /* Build configuration list for PBXNativeTarget "raptorsTicketsTests" */ = {
			isa = XCConfigurationList;
			buildConfigurations = (
				531092A9234C3A7B00AA48AB /* Debug */,
				531092AA234C3A7B00AA48AB /* Release */,
			);
			defaultConfigurationIsVisible = 0;
			defaultConfigurationName = Release;
		};
		531092AB234C3A7B00AA48AB /* Build configuration list for PBXNativeTarget "raptorsTicketsUITests" */ = {
			isa = XCConfigurationList;
			buildConfigurations = (
				531092AC234C3A7B00AA48AB /* Debug */,
				531092AD234C3A7B00AA48AB /* Release */,
			);
			defaultConfigurationIsVisible = 0;
			defaultConfigurationName = Release;
		};
/* End XCConfigurationList section */
	};
	rootObject = 53109271234C3A7B00AA48AB /* Project object */;
}
